
Microsoft Visual Studio Solution File, Format Version 12.00
# Visual Studio Version 17
VisualStudioVersion = 17.3.32811.315
MinimumVisualStudioVersion = 10.0.40219.1
Project("{9A19103F-16F7-4668-BE54-9A1E7A4F7556}") = "FilmesAPI", "FilmesAPI\FilmesAPI.csproj", "{C5149C1C-BEC0-4E85-AC12-F9E726953B0A}"
EndProject
Project("{FAE04EC0-301F-11D3-BF4B-00C04F79EFBC}") = "WinFormsFilmes", "WinFormsFilmes\WinFormsFilmes.csproj", "{3C6C4FB5-797F-4605-9C6A-DF7EFA78A9D5}"
EndProject
Global
	GlobalSection(SolutionConfigurationPlatforms) = preSolution
		Debug|Any CPU = Debug|Any CPU
		Release|Any CPU = Release|Any CPU
	EndGlobalSection
	GlobalSection(ProjectConfigurationPlatforms) = postSolution
		{C5149C1C-BEC0-4E85-AC12-F9E726953B0A}.Debug|Any CPU.ActiveCfg = Debug|Any CPU
		{C5149C1C-BEC0-4E85-AC12-F9E726953B0A}.Debug|Any CPU.Build.0 = Debug|Any CPU
		{C5149C1C-BEC0-4E85-AC12-F9E726953B0A}.Release|Any CPU.ActiveCfg = Release|Any CPU
		{C5149C1C-BEC0-4E85-AC12-F9E726953B0A}.Release|Any CPU.Build.0 = Release|Any CPU
		{3C6C4FB5-797F-4605-9C6A-DF7EFA78A9D5}.Debug|Any CPU.ActiveCfg = Debug|Any CPU
		{3C6C4FB5-797F-4605-9C6A-DF7EFA78A9D5}.Debug|Any CPU.Build.0 = Debug|Any CPU
		{3C6C4FB5-797F-4605-9C6A-DF7EFA78A9D5}.Release|Any CPU.ActiveCfg = Release|Any CPU
		{3C6C4FB5-797F-4605-9C6A-DF7EFA78A9D5}.Release|Any CPU.Build.0 = Release|Any CPU
	EndGlobalSection
	GlobalSection(SolutionProperties) = preSolution
		HideSolutionNode = FALSE
	EndGlobalSection
	GlobalSection(ExtensibilityGlobals) = postSolution
		SolutionGuid = {BA85FC1A-A950-47F9-BD33-872B7FE23F55}
	EndGlobalSection
EndGlobal
